# THIS IS AN AUTOGENERATED FILE. DO NOT EDIT THIS FILE DIRECTLY.
# yarn lockfile v1


crypto-icons@^1.0.17:
  version "1.0.18"
  resolved "https://registry.yarnpkg.com/crypto-icons/-/crypto-icons-1.0.18.tgz#deb1a9d5c349553ddf5808282f58186d80b6fede"

flag-icon-css@^3.0.0:
  version "3.0.0"
  resolved "https://registry.yarnpkg.com/flag-icon-css/-/flag-icon-css-3.0.0.tgz#a67cb3913973e38a8117e738ebbe9081049d8127"

material-design-iconic-font@^2.2.0:
  version "2.2.0"
  resolved "https://registry.yarnpkg.com/material-design-iconic-font/-/material-design-iconic-font-2.2.0.tgz#66c3b1c880ef0cb87c02ca2a0f900ff0fe7f480d"
  integrity sha1-ZsOxyIDvDLh8AsoqD5AP8P5/SA0=

simple-line-icons@^2.4.1:
  version "2.4.1"
  resolved "https://registry.yarnpkg.com/simple-line-icons/-/simple-line-icons-2.4.1.tgz#b75bc5a0d87e530928c2ccda5735274bb256f234"

swagger-ui-dist@^3.22.0:
  version "3.22.0"
  resolved "https://registry.yarnpkg.com/swagger-ui-dist/-/swagger-ui-dist-3.22.0.tgz#9f2417d774f21fac260b1497ead0650dc3e92861"
  integrity sha512-ZFcQoi4XT2t/NGKByVwmb4iERLtGmQQEFqHNC1PmdauWVZ2y80akkzctghgAftTlc8xpUp+I62nm4Km2q82ajQ==

themify-icons@^1.0.0:
  version "1.0.0"
  resolved "https://registry.yarnpkg.com/themify-icons/-/themify-icons-1.0.0.tgz#216f330ed1b9c3fdc8e675655e189a0b7ecb1c5c"
  integrity sha1-IW8zDtG5w/3I5nVlXhiaC37LHFw=

weather-icons@^1.3.2:
  version "1.3.2"
  resolved "https://registry.yarnpkg.com/weather-icons/-/weather-icons-1.3.2.tgz#8ac000f92858427252b80cc57a06bfa827900ac0"
